
Microsoft Visual Studio Solution File, Format Version 12.00
# Visual Studio Version 16
VisualStudioVersion = 16.0.31019.35
MinimumVisualStudioVersion = 10.0.40219.1
Project("{9A19103F-16F7-4668-BE54-9A1E7A4F7556}") = "BusinessDayCounterLibrary", "BusinessDayCounterLibrary\BusinessDayCounterLibrary.csproj", "{F9BBD1B8-7D05-4336-9318-B5FFB05C158F}"
EndProject
Project("{9A19103F-16F7-4668-BE54-9A1E7A4F7556}") = "BusinessDayCounterTests", "BusinessDayCounterTests\BusinessDayCounterTests.csproj", "{1E190ABE-09BF-4778-A247-8AD02E30BC35}"
EndProject
Global
	GlobalSection(SolutionConfigurationPlatforms) = preSolution
		Debug|Any CPU = Debug|Any CPU
		Release|Any CPU = Release|Any CPU
	EndGlobalSection
	GlobalSection(ProjectConfigurationPlatforms) = postSolution
		{F9BBD1B8-7D05-4336-9318-B5FFB05C158F}.Debug|Any CPU.ActiveCfg = Debug|Any CPU
		{F9BBD1B8-7D05-4336-9318-B5FFB05C158F}.Debug|Any CPU.Build.0 = Debug|Any CPU
		{F9BBD1B8-7D05-4336-9318-B5FFB05C158F}.Release|Any CPU.ActiveCfg = Release|Any CPU
		{F9BBD1B8-7D05-4336-9318-B5FFB05C158F}.Release|Any CPU.Build.0 = Release|Any CPU
		{1E190ABE-09BF-4778-A247-8AD02E30BC35}.Debug|Any CPU.ActiveCfg = Debug|Any CPU
		{1E190ABE-09BF-4778-A247-8AD02E30BC35}.Debug|Any CPU.Build.0 = Debug|Any CPU
		{1E190ABE-09BF-4778-A247-8AD02E30BC35}.Release|Any CPU.ActiveCfg = Release|Any CPU
		{1E190ABE-09BF-4778-A247-8AD02E30BC35}.Release|Any CPU.Build.0 = Release|Any CPU
	EndGlobalSection
	GlobalSection(SolutionProperties) = preSolution
		HideSolutionNode = FALSE
	EndGlobalSection
	GlobalSection(ExtensibilityGlobals) = postSolution
		SolutionGuid = {D4B187F6-E1F5-4F87-BEE5-E5F8246C23E9}
	EndGlobalSection
EndGlobal
